
Microsoft Visual Studio Solution File, Format Version 12.00
Project("{FAE04EC0-301F-11D3-BF4B-00C04F79EFBC}") = "TextBasedGame", "TextBasedGame\TextBasedGame.csproj", "{C1389AC3-9537-4F77-B869-E7DBAC1897DA}"
EndProject
Global
	GlobalSection(SolutionConfigurationPlatforms) = preSolution
		Debug|Any CPU = Debug|Any CPU
		Release|Any CPU = Release|Any CPU
	EndGlobalSection
	GlobalSection(ProjectConfigurationPlatforms) = postSolution
		{C1389AC3-9537-4F77-B869-E7DBAC1897DA}.Debug|Any CPU.ActiveCfg = Debug|Any CPU
		{C1389AC3-9537-4F77-B869-E7DBAC1897DA}.Debug|Any CPU.Build.0 = Debug|Any CPU
		{C1389AC3-9537-4F77-B869-E7DBAC1897DA}.Release|Any CPU.ActiveCfg = Release|Any CPU
		{C1389AC3-9537-4F77-B869-E7DBAC1897DA}.Release|Any CPU.Build.0 = Release|Any CPU
	EndGlobalSection
EndGlobal
